{
  "pins" : [
    {
      "identity" : "ux-native-ios",
      "kind" : "remoteSourceControl",
      "location" : "https://github.com/meili-travel-tech/ux-native-ios",
      "state" : {
        "revision" : "a726276b98ef21d6125543b2d5f776e47baf7dd9",
        "version" : "1.13.0"
      }
    }
  ],
  "version" : 2
}
