{
  "pins" : [
    {
      "identity" : "ux-native-ios",
      "kind" : "remoteSourceControl",
      "location" : "https://github.com/meili-travel-tech/ux-native-ios",
      "state" : {
        "revision" : "71679ca621fe0d6a3f0f270990a25ea6f53cb0a3",
        "version" : "1.11.1"
      }
    }
  ],
  "version" : 2
}
